
Microsoft Visual Studio Solution File, Format Version 12.00
# Visual Studio Version 17
VisualStudioVersion = 17.5.33502.453
MinimumVisualStudioVersion = 10.0.40219.1
Project("{FAE04EC0-301F-11D3-BF4B-00C04F79EFBC}") = "Practica", "Practica\Practica.csproj", "{500555DA-80BF-4C58-A721-7CEB893762A5}"
EndProject
Global
	GlobalSection(SolutionConfigurationPlatforms) = preSolution
		Debug|Any CPU = Debug|Any CPU
		Release|Any CPU = Release|Any CPU
	EndGlobalSection
	GlobalSection(ProjectConfigurationPlatforms) = postSolution
		{500555DA-80BF-4C58-A721-7CEB893762A5}.Debug|Any CPU.ActiveCfg = Debug|Any CPU
		{500555DA-80BF-4C58-A721-7CEB893762A5}.Debug|Any CPU.Build.0 = Debug|Any CPU
		{500555DA-80BF-4C58-A721-7CEB893762A5}.Release|Any CPU.ActiveCfg = Release|Any CPU
		{500555DA-80BF-4C58-A721-7CEB893762A5}.Release|Any CPU.Build.0 = Release|Any CPU
	EndGlobalSection
	GlobalSection(SolutionProperties) = preSolution
		HideSolutionNode = FALSE
	EndGlobalSection
	GlobalSection(ExtensibilityGlobals) = postSolution
		SolutionGuid = {11AF6F21-B268-4C39-9B49-2058FF504395}
	EndGlobalSection
EndGlobal
